github.com/go-telegram-bot-api/telegram-bot-api/v5 v5.5.1 h1:wG8n/XJQ07TmjbITcGiUaOtXxdrINDz1b0J1w0SzqDc=
github.com/go-telegram-bot-api/telegram-bot-api/v5 v5.5.1/go.mod h1:A2S0CWkNylc2phvKXWBBdD3K0iGnDBGbzRpISP2zBl8=
gitlab.eqipe.ch/sgw/go-ogn-client v0.0.0-20220731175150-8843ca11359e h1:1CkgrwHFp7L3Ugq9wmBA/h60Z+4wmAS7PLzHP5vxRSQ=
gitlab.eqipe.ch/sgw/go-ogn-client v0.0.0-20220731175150-8843ca11359e/go.mod h1:VDaNMd8cyYA7rO9okfmpbX+cDoSf3stdqC8pTdTpoKE=
